{
  "nodes": {
    "flake-parts": {
      "inputs": {
        "nixpkgs-lib": [
          "nur",
          "nixpkgs"
        ]
      },
      "locked": {
        "lastModified": 1733312601,
        "narHash": "sha256-4pDvzqnegAfRkPwO3wmwBhVi/Sye1mzps0zHWYnP88c=",
        "owner": "hercules-ci",
        "repo": "flake-parts",
        "rev": "205b12d8b7cd4802fbcb8e8ef6a0f1408781a4f9",
        "type": "github"
      },
      "original": {
        "owner": "hercules-ci",
        "repo": "flake-parts",
        "type": "github"
      }
    },
    "home-manager": {
      "inputs": {
        "nixpkgs": [
          "nixpkgs"
        ]
      },
      "locked": {
        "lastModified": 1751824240,
        "narHash": "sha256-aDDC0CHTlL7QDKWWhdbEgVPK6KwWt+ca0QkmHYZxMzI=",
        "owner": "nix-community",
        "repo": "home-manager",
        "rev": "fd9e55f5fac45a26f6169310afca64d56b681935",
        "type": "github"
      },
      "original": {
        "owner": "nix-community",
        "repo": "home-manager",
        "type": "github"
      }
    },
    "nixCats": {
      "locked": {
        "lastModified": 1750385661,
        "narHash": "sha256-JpIEf5IrOzMTjowkxB6kgh4AK3Dp9i/T9G4w2ZiKMgQ=",
        "owner": "BirdeeHub",
        "repo": "nixCats-nvim",
        "rev": "04379fef2fbd4c9d8f4c9a6203cef135ab0b1acd",
        "type": "github"
      },
      "original": {
        "owner": "BirdeeHub",
        "repo": "nixCats-nvim",
        "type": "github"
      }
    },
    "nixpkgs": {
      "locked": {
        "lastModified": 1751786137,
        "narHash": "sha256-lIlUKVGCGsh0Q2EA7/6xRtKUZjaQ/ur8uUyY+MynHXQ=",
        "owner": "NixOS",
        "repo": "nixpkgs",
        "rev": "ceb24d94c6feaa4e8737a8e2bd3cf71c3a7eaaa0",
        "type": "github"
      },
      "original": {
        "owner": "NixOS",
        "ref": "nixpkgs-unstable",
        "repo": "nixpkgs",
        "type": "github"
      }
    },
    "nur": {
      "inputs": {
        "flake-parts": "flake-parts",
        "nixpkgs": [
          "nixpkgs"
        ]
      },
      "locked": {
        "lastModified": 1751841359,
        "narHash": "sha256-unZ2fRUzkUA/Ss4fJ6bBiK74kpWzPq7Dodbn94e6wPs=",
        "owner": "nix-community",
        "repo": "NUR",
        "rev": "10629ed6781e52616c40b6e4b86c39e45c58c12f",
        "type": "github"
      },
      "original": {
        "owner": "nix-community",
        "repo": "NUR",
        "type": "github"
      }
    },
    "root": {
      "inputs": {
        "home-manager": "home-manager",
        "nixCats": "nixCats",
        "nixpkgs": "nixpkgs",
        "nur": "nur"
      }
    }
  },
  "root": "root",
  "version": 7
}
